
Microsoft Visual Studio Solution File, Format Version 12.00
# Visual Studio Version 17
VisualStudioVersion = 17.5.002.0
MinimumVisualStudioVersion = 10.0.40219.1
Project("{FAE04EC0-301F-11D3-BF4B-00C04F79EFBC}") = "Pratica_02", "Pratica_02\Pratica_02.csproj", "{395161A8-FC73-4530-ACC0-7FBFBE79751E}"
EndProject
Global
	GlobalSection(SolutionConfigurationPlatforms) = preSolution
		Debug|Any CPU = Debug|Any CPU
		Release|Any CPU = Release|Any CPU
	EndGlobalSection
	GlobalSection(ProjectConfigurationPlatforms) = postSolution
		{395161A8-FC73-4530-ACC0-7FBFBE79751E}.Debug|Any CPU.ActiveCfg = Debug|Any CPU
		{395161A8-FC73-4530-ACC0-7FBFBE79751E}.Debug|Any CPU.Build.0 = Debug|Any CPU
		{395161A8-FC73-4530-ACC0-7FBFBE79751E}.Release|Any CPU.ActiveCfg = Release|Any CPU
		{395161A8-FC73-4530-ACC0-7FBFBE79751E}.Release|Any CPU.Build.0 = Release|Any CPU
	EndGlobalSection
	GlobalSection(SolutionProperties) = preSolution
		HideSolutionNode = FALSE
	EndGlobalSection
	GlobalSection(ExtensibilityGlobals) = postSolution
		SolutionGuid = {0AF66A45-5595-4CFD-9612-92C9E177C8F4}
	EndGlobalSection
EndGlobal
